
Microsoft Visual Studio Solution File, Format Version 12.00
# Visual Studio Version 16
VisualStudioVersion = 16.0.29403.142
MinimumVisualStudioVersion = 10.0.40219.1
Project("{FAE04EC0-301F-11D3-BF4B-00C04F79EFBC}") = "LottoCap", "LottoCap\LottoCap.csproj", "{B9274585-2F7B-4AF7-9BF1-37D16400FD5B}"
EndProject
Project("{FAE04EC0-301F-11D3-BF4B-00C04F79EFBC}") = "LottoCap.Tests", "LottoCap.Tests\LottoCap.Tests.csproj", "{D78D00BB-CA1F-4AB6-B69D-EBDF631349CB}"
EndProject
Global
	GlobalSection(SolutionConfigurationPlatforms) = preSolution
		Debug|Any CPU = Debug|Any CPU
		Release|Any CPU = Release|Any CPU
	EndGlobalSection
	GlobalSection(ProjectConfigurationPlatforms) = postSolution
		{B9274585-2F7B-4AF7-9BF1-37D16400FD5B}.Debug|Any CPU.ActiveCfg = Debug|Any CPU
		{B9274585-2F7B-4AF7-9BF1-37D16400FD5B}.Debug|Any CPU.Build.0 = Debug|Any CPU
		{B9274585-2F7B-4AF7-9BF1-37D16400FD5B}.Release|Any CPU.ActiveCfg = Release|Any CPU
		{B9274585-2F7B-4AF7-9BF1-37D16400FD5B}.Release|Any CPU.Build.0 = Release|Any CPU
		{D78D00BB-CA1F-4AB6-B69D-EBDF631349CB}.Debug|Any CPU.ActiveCfg = Debug|Any CPU
		{D78D00BB-CA1F-4AB6-B69D-EBDF631349CB}.Debug|Any CPU.Build.0 = Debug|Any CPU
		{D78D00BB-CA1F-4AB6-B69D-EBDF631349CB}.Release|Any CPU.ActiveCfg = Release|Any CPU
		{D78D00BB-CA1F-4AB6-B69D-EBDF631349CB}.Release|Any CPU.Build.0 = Release|Any CPU
	EndGlobalSection
	GlobalSection(SolutionProperties) = preSolution
		HideSolutionNode = FALSE
	EndGlobalSection
	GlobalSection(ExtensibilityGlobals) = postSolution
		SolutionGuid = {ADA8F352-1334-484D-85EC-F042D6B70B03}
	EndGlobalSection
EndGlobal
